%{
  "cowboy": {:hex, :cowboy, "1.1.2", "61ac29ea970389a88eca5a65601460162d370a70018afe6f949a29dca91f3bb0", [:rebar3], [{:cowlib, "~> 1.0.2", [hex: :cowlib, repo: "hexpm", optional: false]}, {:ranch, "~> 1.3.2", [hex: :ranch, repo: "hexpm", optional: false]}], "hexpm", "f4763bbe08233eceed6f24bc4fcc8d71c17cfeafa6439157c57349aa1bb4f17c"},
  "cowlib": {:hex, :cowlib, "1.0.2", "9d769a1d062c9c3ac753096f868ca121e2730b9a377de23dec0f7e08b1df84ee", [:make], [], "hexpm", "db622da03aa039e6366ab953e31186cc8190d32905e33788a1acb22744e6abd2"},
  "file_system": {:hex, :file_system, "0.2.10", "fb082005a9cd1711c05b5248710f8826b02d7d1784e7c3451f9c1231d4fc162d", [:mix], [], "hexpm", "41195edbfb562a593726eda3b3e8b103a309b733ad25f3d642ba49696bf715dc"},
  "gettext": {:hex, :gettext, "0.19.1", "564953fd21f29358e68b91634799d9d26989f8d039d7512622efb3c3b1c97892", [:mix], [], "hexpm", "10c656c0912b8299adba9b061c06947511e3f109ab0d18b44a866a4498e77222"},
  "jason": {:hex, :jason, "1.3.0", "fa6b82a934feb176263ad2df0dbd91bf633d4a46ebfdffea0c8ae82953714946", [:mix], [{:decimal, "~> 1.0 or ~> 2.0", [hex: :decimal, repo: "hexpm", optional: true]}], "hexpm", "53fc1f51255390e0ec7e50f9cb41e751c260d065dcba2bf0d08dc51a4002c2ac"},
  "libcluster": {:hex, :libcluster, "3.3.1", "e7a4875cd1290cee7a693d6bd46076863e9e433708b01339783de6eff5b7f0aa", [:mix], [{:jason, "~> 1.1", [hex: :jason, repo: "hexpm", optional: false]}], "hexpm", "b575ca63c1cd84e01f3fa0fc45e6eb945c1ee7ae8d441d33def999075e9e5398"},
  "mime": {:hex, :mime, "2.0.2", "0b9e1a4c840eafb68d820b0e2158ef5c49385d17fb36855ac6e7e087d4b1dcc5", [:mix], [], "hexpm", "e6a3f76b4c277739e36c2e21a2c640778ba4c3846189d5ab19f97f126df5f9b7"},
  "paracusia": {:hex, :paracusia, "0.2.11", "d62b5ba27aa74f05ac0c6b934913d86c06e7a9baf7fc24c132abbbb7f2469b8d", [:mix], [{:jason, "~> 1.1", [hex: :jason, repo: "hexpm", optional: true]}], "hexpm", "523dfdc93b851ef48d624efcbc02c09cf46daf47832e4a32491ec884f33b0084"},
  "phoenix": {:git, "https://github.com/phoenixframework/phoenix.git", "b210c62beedfec8c712f01f5c091b9d3dab45cd9", []},
  "phoenix_html": {:hex, :phoenix_html, "2.14.3", "51f720d0d543e4e157ff06b65de38e13303d5778a7919bcc696599e5934271b8", [:mix], [{:plug, "~> 1.5", [hex: :plug, repo: "hexpm", optional: false]}], "hexpm", "efd697a7fff35a13eeeb6b43db884705cba353a1a41d127d118fda5f90c8e80f"},
  "phoenix_live_reload": {:hex, :phoenix_live_reload, "1.4.1", "2aff698f5e47369decde4357ba91fc9c37c6487a512b41732818f2204a8ef1d3", [:mix], [{:file_system, "~> 0.2.1 or ~> 0.3", [hex: :file_system, repo: "hexpm", optional: false]}, {:phoenix, "~> 1.4", [hex: :phoenix, repo: "hexpm", optional: false]}], "hexpm", "9bffb834e7ddf08467fe54ae58b5785507aaba6255568ae22b4d46e2bb3615ab"},
  "phoenix_pubsub": {:hex, :phoenix_pubsub, "1.1.2", "496c303bdf1b2e98a9d26e89af5bba3ab487ba3a3735f74bf1f4064d2a845a3e", [:mix], [], "hexpm", "1f13f9f0f3e769a667a6b6828d29dec37497a082d195cc52dbef401a9b69bf38"},
  "plug": {:hex, :plug, "1.13.6", "187beb6b67c6cec50503e940f0434ea4692b19384d47e5fdfd701e93cadb4cc2", [:mix], [{:mime, "~> 1.0 or ~> 2.0", [hex: :mime, repo: "hexpm", optional: false]}, {:plug_crypto, "~> 1.1.1 or ~> 1.2", [hex: :plug_crypto, repo: "hexpm", optional: false]}, {:telemetry, "~> 0.4.3 or ~> 1.0", [hex: :telemetry, repo: "hexpm", optional: false]}], "hexpm", "02b9c6b9955bce92c829f31d6284bf53c591ca63c4fb9ff81dfd0418667a34ff"},
  "plug_cowboy": {:hex, :plug_cowboy, "1.0.0", "2e2a7d3409746d335f451218b8bb0858301c3de6d668c3052716c909936eb57a", [:mix], [{:cowboy, "~> 1.0", [hex: :cowboy, repo: "hexpm", optional: false]}, {:plug, "~> 1.7", [hex: :plug, repo: "hexpm", optional: false]}], "hexpm", "01d201427a8a1f4483be2465a98b45f5e82263327507fe93404a61c51eb9e9a8"},
  "plug_crypto": {:hex, :plug_crypto, "1.2.2", "05654514ac717ff3a1843204b424477d9e60c143406aa94daf2274fdd280794d", [:mix], [], "hexpm", "87631c7ad914a5a445f0a3809f99b079113ae4ed4b867348dd9eec288cecb6db"},
  "ranch": {:hex, :ranch, "1.3.2", "e4965a144dc9fbe70e5c077c65e73c57165416a901bd02ea899cfd95aa890986", [:rebar3], [], "hexpm", "6e56493a862433fccc3aca3025c946d6720d8eedf6e3e6fb911952a7071c357f"},
  "telemetry": {:hex, :telemetry, "1.1.0", "a589817034a27eab11144ad24d5c0f9fab1f58173274b1e9bae7074af9cbee51", [:rebar3], [], "hexpm", "b727b2a1f75614774cff2d7565b64d0dfa5bd52ba517f16543e6fc7efcc0df48"},
  "uuid": {:hex, :uuid, "1.1.8", "e22fc04499de0de3ed1116b770c7737779f226ceefa0badb3592e64d5cfb4eb9", [:mix], [], "hexpm", "c790593b4c3b601f5dc2378baae7efaf5b3d73c4c6456ba85759905be792f2ac"},
}
